{
  "version": 4,
  "terraform_version": "1.5.7",
  "serial": 362,
  "lineage": "715ce538-d625-4635-243c-9f740c29451e",
  "outputs": {
    "glb_fqdn": {
      "value": "yashtest.site",
      "type": "string"
    },
    "rlb_fqdns": {
      "value": [
        "nyc3.yashtest.site",
        "lon1.yashtest.site",
        "ams3.yashtest.site"
      ],
      "type": [
        "tuple",
        [
          "string",
          "string",
          "string"
        ]
      ]
    }
  },
  "resources": [
    {
      "mode": "data",
      "type": "digitalocean_ssh_key",
      "name": "default",
      "provider": "provider[\"registry.terraform.io/digitalocean/digitalocean\"]",
      "instances": [
        {
          "index_key": 0,
          "schema_version": 0,
          "attributes": {
            "fingerprint": "79:77:38:d2:bc:82:10:3c:a5:1d:ba:69:e6:6f:fe:64",
            "id": 50856015,
            "name": "doks-smb",
            "public_key": "ssh-ed25519 AAAAC3NzaC1lZDI1NTE5AAAAIPSmgn5weA/snhszX3DD/igVYxCHH6bGboaih8bq8tpS ysharma@CFY2XX5GFP"
          },
          "sensitive_attributes": []
        }
      ]
    },
    {
      "mode": "managed",
      "type": "digitalocean_droplet",
      "name": "web",
      "provider": "provider[\"registry.terraform.io/digitalocean/digitalocean\"]",
      "instances": [
        {
          "index_key": "ams3-1",
          "schema_version": 1,
          "attributes": {
            "backup_policy": [],
            "backups": false,
            "created_at": "2025-09-29T12:18:09Z",
            "disk": 160,
            "droplet_agent": null,
            "graceful_shutdown": false,
            "id": "521580929",
            "image": "ubuntu-22-04-x64",
            "ipv4_address": "178.62.245.74",
            "ipv4_address_private": "10.200.2.3",
            "ipv6": false,
            "ipv6_address": "",
            "locked": false,
            "memory": 8192,
            "monitoring": false,
            "name": "deploy-london-ams3-0",
            "price_hourly": 0.07143,
            "price_monthly": 48,
            "private_networking": true,
            "region": "ams3",
            "resize_disk": true,
            "size": "s-4vcpu-8gb",
            "ssh_keys": [
              "50856015"
            ],
            "status": "active",
            "tags": [
              "deploy-london",
              "region:ams3"
            ],
            "timeouts": null,
            "urn": "do:droplet:521580929",
            "user_data": "c372be1532de1b004d5e45dfa384b112f17ab247",
            "vcpus": 4,
            "volume_ids": [],
            "vpc_uuid": "8ab2c8c2-faec-40ca-a854-93bd7695b2f4"
          },
          "sensitive_attributes": [],
          "private": "eyJlMmJmYjczMC1lY2FhLTExZTYtOGY4OC0zNDM2M2JjN2M0YzAiOnsiY3JlYXRlIjozNjAwMDAwMDAwMDAwLCJkZWxldGUiOjYwMDAwMDAwMDAwLCJ1cGRhdGUiOjM2MDAwMDAwMDAwMDB9LCJzY2hlbWFfdmVyc2lvbiI6IjEifQ==",
          "dependencies": [
            "data.digitalocean_ssh_key.default",
            "module.multi_region_vpc.digitalocean_vpc.vpc"
          ]
        },
        {
          "index_key": "lon1-1",
          "schema_version": 1,
          "attributes": {
            "backup_policy": [],
            "backups": false,
            "created_at": "2025-09-29T12:18:07Z",
            "disk": 160,
            "droplet_agent": null,
            "graceful_shutdown": false,
            "id": "521580916",
            "image": "ubuntu-22-04-x64",
            "ipv4_address": "46.101.41.33",
            "ipv4_address_private": "10.200.1.2",
            "ipv6": false,
            "ipv6_address": "",
            "locked": false,
            "memory": 8192,
            "monitoring": false,
            "name": "deploy-london-lon1-0",
            "price_hourly": 0.07143,
            "price_monthly": 48,
            "private_networking": true,
            "region": "lon1",
            "resize_disk": true,
            "size": "s-4vcpu-8gb",
            "ssh_keys": [
              "50856015"
            ],
            "status": "active",
            "tags": [
              "deploy-london",
              "region:lon1"
            ],
            "timeouts": null,
            "urn": "do:droplet:521580916",
            "user_data": "bcfcda56d626c74d317e0542946003b4bb8207c9",
            "vcpus": 4,
            "volume_ids": [],
            "vpc_uuid": "8f8125e6-c7ae-4b03-afc0-ef6e18859dd3"
          },
          "sensitive_attributes": [],
          "private": "eyJlMmJmYjczMC1lY2FhLTExZTYtOGY4OC0zNDM2M2JjN2M0YzAiOnsiY3JlYXRlIjozNjAwMDAwMDAwMDAwLCJkZWxldGUiOjYwMDAwMDAwMDAwLCJ1cGRhdGUiOjM2MDAwMDAwMDAwMDB9LCJzY2hlbWFfdmVyc2lvbiI6IjEifQ==",
          "dependencies": [
            "data.digitalocean_ssh_key.default",
            "module.multi_region_vpc.digitalocean_vpc.vpc"
          ]
        },
        {
          "index_key": "nyc3-1",
          "schema_version": 1,
          "attributes": {
            "backup_policy": [],
            "backups": false,
            "created_at": "2025-09-29T12:18:07Z",
            "disk": 160,
            "droplet_agent": null,
            "graceful_shutdown": false,
            "id": "521580919",
            "image": "ubuntu-22-04-x64",
            "ipv4_address": "159.203.130.5",
            "ipv4_address_private": "10.200.0.2",
            "ipv6": false,
            "ipv6_address": "",
            "locked": false,
            "memory": 8192,
            "monitoring": false,
            "name": "deploy-london-nyc3-0",
            "price_hourly": 0.07143,
            "price_monthly": 48,
            "private_networking": true,
            "region": "nyc3",
            "resize_disk": true,
            "size": "s-4vcpu-8gb",
            "ssh_keys": [
              "50856015"
            ],
            "status": "active",
            "tags": [
              "deploy-london",
              "region:nyc3"
            ],
            "timeouts": null,
            "urn": "do:droplet:521580919",
            "user_data": "263ab99f3481f4692ce629af00e5ec2f5ac1aa8a",
            "vcpus": 4,
            "volume_ids": [],
            "vpc_uuid": "9c22abd9-86d0-42d2-9568-3c2b4eb9c21f"
          },
          "sensitive_attributes": [],
          "private": "eyJlMmJmYjczMC1lY2FhLTExZTYtOGY4OC0zNDM2M2JjN2M0YzAiOnsiY3JlYXRlIjozNjAwMDAwMDAwMDAwLCJkZWxldGUiOjYwMDAwMDAwMDAwLCJ1cGRhdGUiOjM2MDAwMDAwMDAwMDB9LCJzY2hlbWFfdmVyc2lvbiI6IjEifQ==",
          "dependencies": [
            "data.digitalocean_ssh_key.default",
            "module.multi_region_vpc.digitalocean_vpc.vpc"
          ]
        }
      ]
    },
    {
      "module": "module.glb_stack.module.dns[0]",
      "mode": "managed",
      "type": "digitalocean_record",
      "name": "regional_fqdn",
      "provider": "provider[\"registry.terraform.io/digitalocean/digitalocean\"]",
      "instances": [
        {
          "index_key": "ams3",
          "schema_version": 0,
          "attributes": {
            "domain": "yashtest.site",
            "flags": 0,
            "fqdn": "ams3.yashtest.site",
            "id": "1793197450",
            "name": "ams3",
            "port": 0,
            "priority": 0,
            "tag": "",
            "ttl": 300,
            "type": "A",
            "value": "143.198.250.235",
            "weight": 0
          },
          "sensitive_attributes": [],
          "private": "bnVsbA==",
          "dependencies": [
            "digitalocean_certificate.cert",
            "module.glb_stack.module.regional_loadbalancer.digitalocean_loadbalancer.this",
            "module.multi_region_vpc.digitalocean_vpc.vpc"
          ]
        },
        {
          "index_key": "lon1",
          "schema_version": 0,
          "attributes": {
            "domain": "yashtest.site",
            "flags": 0,
            "fqdn": "lon1.yashtest.site",
            "id": "1793197449",
            "name": "lon1",
            "port": 0,
            "priority": 0,
            "tag": "",
            "ttl": 300,
            "type": "A",
            "value": "188.166.136.186",
            "weight": 0
          },
          "sensitive_attributes": [],
          "private": "bnVsbA==",
          "dependencies": [
            "digitalocean_certificate.cert",
            "module.glb_stack.module.regional_loadbalancer.digitalocean_loadbalancer.this",
            "module.multi_region_vpc.digitalocean_vpc.vpc"
          ]
        },
        {
          "index_key": "nyc3",
          "schema_version": 0,
          "attributes": {
            "domain": "yashtest.site",
            "flags": 0,
            "fqdn": "nyc3.yashtest.site",
            "id": "1793197448",
            "name": "nyc3",
            "port": 0,
            "priority": 0,
            "tag": "",
            "ttl": 300,
            "type": "A",
            "value": "138.197.52.56",
            "weight": 0
          },
          "sensitive_attributes": [],
          "private": "bnVsbA==",
          "dependencies": [
            "digitalocean_certificate.cert",
            "module.glb_stack.module.regional_loadbalancer.digitalocean_loadbalancer.this",
            "module.multi_region_vpc.digitalocean_vpc.vpc"
          ]
        }
      ]
    },
    {
      "module": "module.glb_stack.module.global_loadbalancer",
      "mode": "managed",
      "type": "digitalocean_loadbalancer",
      "name": "this",
      "provider": "provider[\"registry.terraform.io/digitalocean/digitalocean\"]",
      "instances": [
        {
          "schema_version": 1,
          "attributes": {
            "algorithm": "round_robin",
            "disable_lets_encrypt_dns_records": false,
            "domains": [
              {
                "certificate_id": "",
                "certificate_name": "",
                "is_managed": true,
                "name": "yashtest.site",
                "ssl_validation_error_reasons": [],
                "verification_error_reasons": []
              }
            ],
            "droplet_ids": [],
            "droplet_tag": "",
            "enable_backend_keepalive": false,
            "enable_proxy_protocol": false,
            "firewall": [],
            "forwarding_rule": [],
            "glb_settings": [
              {
                "cdn": [
                  {
                    "is_enabled": true
                  }
                ],
                "failover_threshold": 0,
                "region_priorities": null,
                "target_port": 80,
                "target_protocol": "http"
              }
            ],
            "healthcheck": [
              {
                "check_interval_seconds": 10,
                "healthy_threshold": 5,
                "path": "/",
                "port": 80,
                "protocol": "http",
                "response_timeout_seconds": 5,
                "unhealthy_threshold": 3
              }
            ],
            "http_idle_timeout_seconds": 60,
            "id": "b36f1f40-11ca-4265-9aa3-957017f9f31e",
            "ip": "",
            "ipv6": null,
            "name": "deploy-london-glb",
            "network": null,
            "network_stack": null,
            "project_id": "b398b02e-2bf4-45de-9175-89b92dc14794",
            "redirect_http_to_https": false,
            "region": null,
            "size": "",
            "size_unit": null,
            "status": "active",
            "sticky_sessions": [
              {
                "cookie_name": "",
                "cookie_ttl_seconds": 0,
                "type": "none"
              }
            ],
            "target_load_balancer_ids": [
              "4f23cc31-45e0-4ab5-8194-b70a967106c1",
              "74c342ba-d5ae-4df6-bf1b-6ab4ac5692df",
              "9b42d98b-184f-4c38-b8e2-b8558259b211"
            ],
            "tls_cipher_policy": null,
            "type": "GLOBAL",
            "urn": "do:loadbalancer:b36f1f40-11ca-4265-9aa3-957017f9f31e",
            "vpc_uuid": ""
          },
          "sensitive_attributes": [],
          "private": "eyJzY2hlbWFfdmVyc2lvbiI6IjEifQ==",
          "dependencies": [
            "digitalocean_certificate.cert",
            "module.glb_stack.module.regional_loadbalancer.digitalocean_loadbalancer.this",
            "module.multi_region_vpc.digitalocean_vpc.vpc"
          ]
        }
      ]
    },
    {
      "module": "module.glb_stack.module.regional_loadbalancer[\"ams3\"]",
      "mode": "managed",
      "type": "digitalocean_loadbalancer",
      "name": "this",
      "provider": "provider[\"registry.terraform.io/digitalocean/digitalocean\"]",
      "instances": [
        {
          "schema_version": 1,
          "attributes": {
            "algorithm": "round_robin",
            "disable_lets_encrypt_dns_records": false,
            "domains": [],
            "droplet_ids": [
              521580929
            ],
            "droplet_tag": "deploy-london",
            "enable_backend_keepalive": false,
            "enable_proxy_protocol": false,
            "firewall": [],
            "forwarding_rule": [
              {
                "certificate_id": "",
                "certificate_name": "",
                "entry_port": 80,
                "entry_protocol": "http",
                "target_port": 80,
                "target_protocol": "http",
                "tls_passthrough": false
              }
            ],
            "glb_settings": [],
            "healthcheck": [
              {
                "check_interval_seconds": 10,
                "healthy_threshold": 5,
                "path": "/",
                "port": 80,
                "protocol": "http",
                "response_timeout_seconds": 5,
                "unhealthy_threshold": 3
              }
            ],
            "http_idle_timeout_seconds": 60,
            "id": "9b42d98b-184f-4c38-b8e2-b8558259b211",
            "ip": "143.198.250.235",
            "ipv6": "2a03:b0c0:2:f0::eb25:e001",
            "name": "deploy-london-ams3",
            "network": null,
            "network_stack": null,
            "project_id": "b398b02e-2bf4-45de-9175-89b92dc14794",
            "redirect_http_to_https": false,
            "region": "ams3",
            "size": null,
            "size_unit": 1,
            "status": "active",
            "sticky_sessions": [
              {
                "cookie_name": "",
                "cookie_ttl_seconds": 0,
                "type": "none"
              }
            ],
            "target_load_balancer_ids": [],
            "tls_cipher_policy": null,
            "type": "REGIONAL",
            "urn": "do:loadbalancer:9b42d98b-184f-4c38-b8e2-b8558259b211",
            "vpc_uuid": "8ab2c8c2-faec-40ca-a854-93bd7695b2f4"
          },
          "sensitive_attributes": [],
          "private": "eyJzY2hlbWFfdmVyc2lvbiI6IjEifQ==",
          "dependencies": [
            "digitalocean_certificate.cert",
            "module.multi_region_vpc.digitalocean_vpc.vpc"
          ]
        }
      ]
    },
    {
      "module": "module.glb_stack.module.regional_loadbalancer[\"lon1\"]",
      "mode": "managed",
      "type": "digitalocean_loadbalancer",
      "name": "this",
      "provider": "provider[\"registry.terraform.io/digitalocean/digitalocean\"]",
      "instances": [
        {
          "schema_version": 1,
          "attributes": {
            "algorithm": "round_robin",
            "disable_lets_encrypt_dns_records": false,
            "domains": [],
            "droplet_ids": [
              521580916
            ],
            "droplet_tag": "deploy-london",
            "enable_backend_keepalive": false,
            "enable_proxy_protocol": false,
            "firewall": [],
            "forwarding_rule": [
              {
                "certificate_id": "",
                "certificate_name": "",
                "entry_port": 80,
                "entry_protocol": "http",
                "target_port": 80,
                "target_protocol": "http",
                "tls_passthrough": false
              }
            ],
            "glb_settings": [],
            "healthcheck": [
              {
                "check_interval_seconds": 10,
                "healthy_threshold": 5,
                "path": "/",
                "port": 80,
                "protocol": "http",
                "response_timeout_seconds": 5,
                "unhealthy_threshold": 3
              }
            ],
            "http_idle_timeout_seconds": 60,
            "id": "4f23cc31-45e0-4ab5-8194-b70a967106c1",
            "ip": "188.166.136.186",
            "ipv6": "2a03:b0c0:1:e0::b4c9:4001",
            "name": "deploy-london-lon1",
            "network": null,
            "network_stack": null,
            "project_id": "b398b02e-2bf4-45de-9175-89b92dc14794",
            "redirect_http_to_https": false,
            "region": "lon1",
            "size": null,
            "size_unit": 1,
            "status": "active",
            "sticky_sessions": [
              {
                "cookie_name": "",
                "cookie_ttl_seconds": 0,
                "type": "none"
              }
            ],
            "target_load_balancer_ids": [],
            "tls_cipher_policy": null,
            "type": "REGIONAL",
            "urn": "do:loadbalancer:4f23cc31-45e0-4ab5-8194-b70a967106c1",
            "vpc_uuid": "8f8125e6-c7ae-4b03-afc0-ef6e18859dd3"
          },
          "sensitive_attributes": [],
          "private": "eyJzY2hlbWFfdmVyc2lvbiI6IjEifQ==",
          "dependencies": [
            "digitalocean_certificate.cert",
            "module.multi_region_vpc.digitalocean_vpc.vpc"
          ]
        }
      ]
    },
    {
      "module": "module.glb_stack.module.regional_loadbalancer[\"nyc3\"]",
      "mode": "managed",
      "type": "digitalocean_loadbalancer",
      "name": "this",
      "provider": "provider[\"registry.terraform.io/digitalocean/digitalocean\"]",
      "instances": [
        {
          "schema_version": 1,
          "attributes": {
            "algorithm": "round_robin",
            "disable_lets_encrypt_dns_records": false,
            "domains": [],
            "droplet_ids": [
              521580919
            ],
            "droplet_tag": "deploy-london",
            "enable_backend_keepalive": false,
            "enable_proxy_protocol": false,
            "firewall": [],
            "forwarding_rule": [
              {
                "certificate_id": "",
                "certificate_name": "",
                "entry_port": 80,
                "entry_protocol": "http",
                "target_port": 80,
                "target_protocol": "http",
                "tls_passthrough": false
              }
            ],
            "glb_settings": [],
            "healthcheck": [
              {
                "check_interval_seconds": 10,
                "healthy_threshold": 5,
                "path": "/",
                "port": 80,
                "protocol": "http",
                "response_timeout_seconds": 5,
                "unhealthy_threshold": 3
              }
            ],
            "http_idle_timeout_seconds": 60,
            "id": "74c342ba-d5ae-4df6-bf1b-6ab4ac5692df",
            "ip": "138.197.52.56",
            "ipv6": "2604:a880:800:14:0:1:cc74:b000",
            "name": "deploy-london-nyc3",
            "network": null,
            "network_stack": null,
            "project_id": "b398b02e-2bf4-45de-9175-89b92dc14794",
            "redirect_http_to_https": false,
            "region": "nyc3",
            "size": null,
            "size_unit": 1,
            "status": "active",
            "sticky_sessions": [
              {
                "cookie_name": "",
                "cookie_ttl_seconds": 0,
                "type": "none"
              }
            ],
            "target_load_balancer_ids": [],
            "tls_cipher_policy": null,
            "type": "REGIONAL",
            "urn": "do:loadbalancer:74c342ba-d5ae-4df6-bf1b-6ab4ac5692df",
            "vpc_uuid": "9c22abd9-86d0-42d2-9568-3c2b4eb9c21f"
          },
          "sensitive_attributes": [],
          "private": "eyJzY2hlbWFfdmVyc2lvbiI6IjEifQ==",
          "dependencies": [
            "digitalocean_certificate.cert",
            "module.multi_region_vpc.digitalocean_vpc.vpc"
          ]
        }
      ]
    },
    {
      "module": "module.multi_region_vpc",
      "mode": "managed",
      "type": "digitalocean_vpc",
      "name": "vpc",
      "provider": "provider[\"registry.terraform.io/digitalocean/digitalocean\"]",
      "instances": [
        {
          "index_key": "vpc-0",
          "schema_version": 0,
          "attributes": {
            "created_at": "2025-09-29 12:12:21 +0000 UTC",
            "default": false,
            "description": "",
            "id": "9c22abd9-86d0-42d2-9568-3c2b4eb9c21f",
            "ip_range": "10.200.0.0/24",
            "name": "deploy-london-nyc3",
            "region": "nyc3",
            "timeouts": null,
            "urn": "do:vpc:9c22abd9-86d0-42d2-9568-3c2b4eb9c21f"
          },
          "sensitive_attributes": [],
          "private": "eyJlMmJmYjczMC1lY2FhLTExZTYtOGY4OC0zNDM2M2JjN2M0YzAiOnsiZGVsZXRlIjoxMjAwMDAwMDAwMDB9fQ=="
        },
        {
          "index_key": "vpc-1",
          "schema_version": 0,
          "attributes": {
            "created_at": "2025-09-29 12:12:20 +0000 UTC",
            "default": false,
            "description": "",
            "id": "8f8125e6-c7ae-4b03-afc0-ef6e18859dd3",
            "ip_range": "10.200.1.0/24",
            "name": "deploy-london-lon1",
            "region": "lon1",
            "timeouts": null,
            "urn": "do:vpc:8f8125e6-c7ae-4b03-afc0-ef6e18859dd3"
          },
          "sensitive_attributes": [],
          "private": "eyJlMmJmYjczMC1lY2FhLTExZTYtOGY4OC0zNDM2M2JjN2M0YzAiOnsiZGVsZXRlIjoxMjAwMDAwMDAwMDB9fQ=="
        },
        {
          "index_key": "vpc-2",
          "schema_version": 0,
          "attributes": {
            "created_at": "2025-09-29 12:12:21 +0000 UTC",
            "default": false,
            "description": "",
            "id": "8ab2c8c2-faec-40ca-a854-93bd7695b2f4",
            "ip_range": "10.200.2.0/24",
            "name": "deploy-london-ams3",
            "region": "ams3",
            "timeouts": null,
            "urn": "do:vpc:8ab2c8c2-faec-40ca-a854-93bd7695b2f4"
          },
          "sensitive_attributes": [],
          "private": "eyJlMmJmYjczMC1lY2FhLTExZTYtOGY4OC0zNDM2M2JjN2M0YzAiOnsiZGVsZXRlIjoxMjAwMDAwMDAwMDB9fQ=="
        }
      ]
    },
    {
      "module": "module.multi_region_vpc",
      "mode": "managed",
      "type": "digitalocean_vpc_peering",
      "name": "peerings",
      "provider": "provider[\"registry.terraform.io/digitalocean/digitalocean\"]",
      "instances": [
        {
          "index_key": "vpc-0-to-vpc-1",
          "schema_version": 0,
          "attributes": {
            "created_at": "2025-09-29 12:18:07 +0000 UTC",
            "id": "f2384b4f-154e-43d7-aa28-a538dafab4a1",
            "name": "peering-vpc-0-to-vpc-1",
            "status": "ACTIVE",
            "timeouts": null,
            "vpc_ids": [
              "8f8125e6-c7ae-4b03-afc0-ef6e18859dd3",
              "9c22abd9-86d0-42d2-9568-3c2b4eb9c21f"
            ]
          },
          "sensitive_attributes": [],
          "private": "eyJlMmJmYjczMC1lY2FhLTExZTYtOGY4OC0zNDM2M2JjN2M0YzAiOnsiY3JlYXRlIjoxMjAwMDAwMDAwMDAsImRlbGV0ZSI6MTIwMDAwMDAwMDAwfX0=",
          "dependencies": [
            "module.multi_region_vpc.digitalocean_vpc.vpc"
          ]
        },
        {
          "index_key": "vpc-0-to-vpc-2",
          "schema_version": 0,
          "attributes": {
            "created_at": "2025-09-29 12:18:07 +0000 UTC",
            "id": "75eabc17-5d87-44c1-9e6e-047fbe615792",
            "name": "peering-vpc-0-to-vpc-2",
            "status": "ACTIVE",
            "timeouts": null,
            "vpc_ids": [
              "8ab2c8c2-faec-40ca-a854-93bd7695b2f4",
              "9c22abd9-86d0-42d2-9568-3c2b4eb9c21f"
            ]
          },
          "sensitive_attributes": [],
          "private": "eyJlMmJmYjczMC1lY2FhLTExZTYtOGY4OC0zNDM2M2JjN2M0YzAiOnsiY3JlYXRlIjoxMjAwMDAwMDAwMDAsImRlbGV0ZSI6MTIwMDAwMDAwMDAwfX0=",
          "dependencies": [
            "module.multi_region_vpc.digitalocean_vpc.vpc"
          ]
        },
        {
          "index_key": "vpc-1-to-vpc-2",
          "schema_version": 0,
          "attributes": {
            "created_at": "2025-09-29 12:18:07 +0000 UTC",
            "id": "cef94562-e7a1-4b1d-80bf-6f02a3658722",
            "name": "peering-vpc-1-to-vpc-2",
            "status": "ACTIVE",
            "timeouts": null,
            "vpc_ids": [
              "8ab2c8c2-faec-40ca-a854-93bd7695b2f4",
              "8f8125e6-c7ae-4b03-afc0-ef6e18859dd3"
            ]
          },
          "sensitive_attributes": [],
          "private": "eyJlMmJmYjczMC1lY2FhLTExZTYtOGY4OC0zNDM2M2JjN2M0YzAiOnsiY3JlYXRlIjoxMjAwMDAwMDAwMDAsImRlbGV0ZSI6MTIwMDAwMDAwMDAwfX0=",
          "dependencies": [
            "module.multi_region_vpc.digitalocean_vpc.vpc"
          ]
        }
      ]
    }
  ],
  "check_results": null
}
