{
  "version": 4,
  "terraform_version": "1.5.7",
  "serial": 281,
  "lineage": "715ce538-d625-4635-243c-9f740c29451e",
  "outputs": {
    "glb_fqdn": {
      "value": "yashtest.site",
      "type": "string"
    },
    "rlb_fqdns": {
      "value": [
        "nyc3.yashtest.site",
        "sfo3.yashtest.site",
        "ams3.yashtest.site"
      ],
      "type": [
        "tuple",
        [
          "string",
          "string",
          "string"
        ]
      ]
    }
  },
  "resources": [
    {
      "mode": "data",
      "type": "digitalocean_ssh_key",
      "name": "default",
      "provider": "provider[\"registry.terraform.io/digitalocean/digitalocean\"]",
      "instances": [
        {
          "index_key": 0,
          "schema_version": 0,
          "attributes": {
            "fingerprint": "79:77:38:d2:bc:82:10:3c:a5:1d:ba:69:e6:6f:fe:64",
            "id": 50856015,
            "name": "doks-smb",
            "public_key": "ssh-ed25519 AAAAC3NzaC1lZDI1NTE5AAAAIPSmgn5weA/snhszX3DD/igVYxCHH6bGboaih8bq8tpS ysharma@CFY2XX5GFP"
          },
          "sensitive_attributes": []
        }
      ]
    },
    {
      "module": "module.glb_stack.module.dns[0]",
      "mode": "managed",
      "type": "digitalocean_record",
      "name": "regional_fqdn",
      "provider": "provider[\"registry.terraform.io/digitalocean/digitalocean\"]",
      "instances": [
        {
          "index_key": "ams3",
          "schema_version": 0,
          "attributes": {
            "domain": "yashtest.site",
            "flags": 0,
            "fqdn": "ams3.yashtest.site",
            "id": "1792917924",
            "name": "ams3",
            "port": 0,
            "priority": 0,
            "tag": "",
            "ttl": 300,
            "type": "A",
            "value": "188.166.202.233",
            "weight": 0
          },
          "sensitive_attributes": [],
          "private": "bnVsbA==",
          "dependencies": [
            "digitalocean_certificate.cert",
            "module.glb_stack.module.regional_loadbalancer.digitalocean_loadbalancer.this",
            "module.multi_region_vpc.digitalocean_vpc.vpc"
          ]
        },
        {
          "index_key": "nyc3",
          "schema_version": 0,
          "attributes": {
            "domain": "yashtest.site",
            "flags": 0,
            "fqdn": "nyc3.yashtest.site",
            "id": "1792917923",
            "name": "nyc3",
            "port": 0,
            "priority": 0,
            "tag": "",
            "ttl": 300,
            "type": "A",
            "value": "209.38.62.127",
            "weight": 0
          },
          "sensitive_attributes": [],
          "private": "bnVsbA==",
          "dependencies": [
            "digitalocean_certificate.cert",
            "module.glb_stack.module.regional_loadbalancer.digitalocean_loadbalancer.this",
            "module.multi_region_vpc.digitalocean_vpc.vpc"
          ]
        },
        {
          "index_key": "sfo3",
          "schema_version": 0,
          "attributes": {
            "domain": "yashtest.site",
            "flags": 0,
            "fqdn": "sfo3.yashtest.site",
            "id": "1792917922",
            "name": "sfo3",
            "port": 0,
            "priority": 0,
            "tag": "",
            "ttl": 300,
            "type": "A",
            "value": "146.190.13.106",
            "weight": 0
          },
          "sensitive_attributes": [],
          "private": "bnVsbA==",
          "dependencies": [
            "digitalocean_certificate.cert",
            "module.glb_stack.module.regional_loadbalancer.digitalocean_loadbalancer.this",
            "module.multi_region_vpc.digitalocean_vpc.vpc"
          ]
        }
      ]
    },
    {
      "module": "module.glb_stack.module.global_loadbalancer",
      "mode": "managed",
      "type": "digitalocean_loadbalancer",
      "name": "this",
      "provider": "provider[\"registry.terraform.io/digitalocean/digitalocean\"]",
      "instances": [
        {
          "schema_version": 1,
          "attributes": {
            "algorithm": "round_robin",
            "disable_lets_encrypt_dns_records": false,
            "domains": [
              {
                "certificate_id": "",
                "certificate_name": "",
                "is_managed": true,
                "name": "yashtest.site",
                "ssl_validation_error_reasons": [],
                "verification_error_reasons": []
              }
            ],
            "droplet_ids": [],
            "droplet_tag": "",
            "enable_backend_keepalive": false,
            "enable_proxy_protocol": false,
            "firewall": [],
            "forwarding_rule": [],
            "glb_settings": [
              {
                "cdn": [
                  {
                    "is_enabled": true
                  }
                ],
                "failover_threshold": 0,
                "region_priorities": {},
                "target_port": 80,
                "target_protocol": "http"
              }
            ],
            "healthcheck": [
              {
                "check_interval_seconds": 10,
                "healthy_threshold": 5,
                "path": "/",
                "port": 80,
                "protocol": "http",
                "response_timeout_seconds": 5,
                "unhealthy_threshold": 3
              }
            ],
            "http_idle_timeout_seconds": 60,
            "id": "8ed1f64f-5d56-4b21-803e-d4da30522dd1",
            "ip": "",
            "ipv6": null,
            "name": "glb-ws-test-glb",
            "network": null,
            "network_stack": null,
            "project_id": "b398b02e-2bf4-45de-9175-89b92dc14794",
            "redirect_http_to_https": false,
            "region": null,
            "size": "",
            "size_unit": null,
            "status": "active",
            "sticky_sessions": [
              {
                "cookie_name": "",
                "cookie_ttl_seconds": 0,
                "type": "none"
              }
            ],
            "target_load_balancer_ids": [
              "0acae237-7da6-4a01-a9a9-91313d6f12c9",
              "17476a37-56f6-4658-ba64-ce019330232d",
              "58f0b31a-9d90-4fc8-9e50-85d96ac79650"
            ],
            "tls_cipher_policy": null,
            "type": "GLOBAL",
            "urn": "do:loadbalancer:8ed1f64f-5d56-4b21-803e-d4da30522dd1",
            "vpc_uuid": ""
          },
          "sensitive_attributes": [],
          "private": "eyJzY2hlbWFfdmVyc2lvbiI6IjEifQ==",
          "dependencies": [
            "digitalocean_certificate.cert",
            "module.glb_stack.module.regional_loadbalancer.digitalocean_loadbalancer.this",
            "module.multi_region_vpc.digitalocean_vpc.vpc"
          ]
        }
      ]
    },
    {
      "module": "module.glb_stack.module.regional_loadbalancer[\"ams3\"]",
      "mode": "managed",
      "type": "digitalocean_loadbalancer",
      "name": "this",
      "provider": "provider[\"registry.terraform.io/digitalocean/digitalocean\"]",
      "instances": [
        {
          "schema_version": 1,
          "attributes": {
            "algorithm": "round_robin",
            "disable_lets_encrypt_dns_records": false,
            "domains": [],
            "droplet_ids": [
              521540664
            ],
            "droplet_tag": "glb-ws-test",
            "enable_backend_keepalive": false,
            "enable_proxy_protocol": false,
            "firewall": [],
            "forwarding_rule": [
              {
                "certificate_id": "",
                "certificate_name": "",
                "entry_port": 80,
                "entry_protocol": "http",
                "target_port": 80,
                "target_protocol": "http",
                "tls_passthrough": false
              }
            ],
            "glb_settings": [],
            "healthcheck": [
              {
                "check_interval_seconds": 10,
                "healthy_threshold": 5,
                "path": "/",
                "port": 80,
                "protocol": "http",
                "response_timeout_seconds": 5,
                "unhealthy_threshold": 3
              }
            ],
            "http_idle_timeout_seconds": 60,
            "id": "58f0b31a-9d90-4fc8-9e50-85d96ac79650",
            "ip": "188.166.202.233",
            "ipv6": "2a03:b0c0:2:f0::ea09:3001",
            "name": "glb-ws-test-ams3",
            "network": null,
            "network_stack": null,
            "project_id": "b398b02e-2bf4-45de-9175-89b92dc14794",
            "redirect_http_to_https": false,
            "region": "ams3",
            "size": null,
            "size_unit": 1,
            "status": "active",
            "sticky_sessions": [
              {
                "cookie_name": "",
                "cookie_ttl_seconds": 0,
                "type": "none"
              }
            ],
            "target_load_balancer_ids": [],
            "tls_cipher_policy": null,
            "type": "REGIONAL",
            "urn": "do:loadbalancer:58f0b31a-9d90-4fc8-9e50-85d96ac79650",
            "vpc_uuid": "73250a91-5293-4155-b910-08728baa4841"
          },
          "sensitive_attributes": [],
          "private": "eyJzY2hlbWFfdmVyc2lvbiI6IjEifQ==",
          "dependencies": [
            "digitalocean_certificate.cert",
            "module.multi_region_vpc.digitalocean_vpc.vpc"
          ]
        }
      ]
    },
    {
      "module": "module.glb_stack.module.regional_loadbalancer[\"nyc3\"]",
      "mode": "managed",
      "type": "digitalocean_loadbalancer",
      "name": "this",
      "provider": "provider[\"registry.terraform.io/digitalocean/digitalocean\"]",
      "instances": [
        {
          "schema_version": 1,
          "attributes": {
            "algorithm": "round_robin",
            "disable_lets_encrypt_dns_records": false,
            "domains": [],
            "droplet_ids": [
              521540659
            ],
            "droplet_tag": "glb-ws-test",
            "enable_backend_keepalive": false,
            "enable_proxy_protocol": false,
            "firewall": [],
            "forwarding_rule": [
              {
                "certificate_id": "",
                "certificate_name": "",
                "entry_port": 80,
                "entry_protocol": "http",
                "target_port": 80,
                "target_protocol": "http",
                "tls_passthrough": false
              }
            ],
            "glb_settings": [],
            "healthcheck": [
              {
                "check_interval_seconds": 10,
                "healthy_threshold": 5,
                "path": "/",
                "port": 80,
                "protocol": "http",
                "response_timeout_seconds": 5,
                "unhealthy_threshold": 3
              }
            ],
            "http_idle_timeout_seconds": 60,
            "id": "17476a37-56f6-4658-ba64-ce019330232d",
            "ip": "209.38.62.127",
            "ipv6": "2604:a880:800:14:0:1:c969:c000",
            "name": "glb-ws-test-nyc3",
            "network": null,
            "network_stack": null,
            "project_id": "b398b02e-2bf4-45de-9175-89b92dc14794",
            "redirect_http_to_https": false,
            "region": "nyc3",
            "size": null,
            "size_unit": 1,
            "status": "active",
            "sticky_sessions": [
              {
                "cookie_name": "",
                "cookie_ttl_seconds": 0,
                "type": "none"
              }
            ],
            "target_load_balancer_ids": [],
            "tls_cipher_policy": null,
            "type": "REGIONAL",
            "urn": "do:loadbalancer:17476a37-56f6-4658-ba64-ce019330232d",
            "vpc_uuid": "ba78ca3a-4fd9-4855-8d08-6f5a4e69afa2"
          },
          "sensitive_attributes": [],
          "private": "eyJzY2hlbWFfdmVyc2lvbiI6IjEifQ==",
          "dependencies": [
            "digitalocean_certificate.cert",
            "module.multi_region_vpc.digitalocean_vpc.vpc"
          ]
        }
      ]
    },
    {
      "module": "module.glb_stack.module.regional_loadbalancer[\"sfo3\"]",
      "mode": "managed",
      "type": "digitalocean_loadbalancer",
      "name": "this",
      "provider": "provider[\"registry.terraform.io/digitalocean/digitalocean\"]",
      "instances": [
        {
          "schema_version": 1,
          "attributes": {
            "algorithm": "round_robin",
            "disable_lets_encrypt_dns_records": false,
            "domains": [],
            "droplet_ids": [
              521540665
            ],
            "droplet_tag": "glb-ws-test",
            "enable_backend_keepalive": false,
            "enable_proxy_protocol": false,
            "firewall": [],
            "forwarding_rule": [
              {
                "certificate_id": "",
                "certificate_name": "",
                "entry_port": 80,
                "entry_protocol": "http",
                "target_port": 80,
                "target_protocol": "http",
                "tls_passthrough": false
              }
            ],
            "glb_settings": [],
            "healthcheck": [
              {
                "check_interval_seconds": 10,
                "healthy_threshold": 5,
                "path": "/",
                "port": 80,
                "protocol": "http",
                "response_timeout_seconds": 5,
                "unhealthy_threshold": 3
              }
            ],
            "http_idle_timeout_seconds": 60,
            "id": "0acae237-7da6-4a01-a9a9-91313d6f12c9",
            "ip": "146.190.13.106",
            "ipv6": "2604:a880:4:1d0:0:1:b31:8000",
            "name": "glb-ws-test-sfo3",
            "network": null,
            "network_stack": null,
            "project_id": "b398b02e-2bf4-45de-9175-89b92dc14794",
            "redirect_http_to_https": false,
            "region": "sfo3",
            "size": null,
            "size_unit": 1,
            "status": "active",
            "sticky_sessions": [
              {
                "cookie_name": "",
                "cookie_ttl_seconds": 0,
                "type": "none"
              }
            ],
            "target_load_balancer_ids": [],
            "tls_cipher_policy": null,
            "type": "REGIONAL",
            "urn": "do:loadbalancer:0acae237-7da6-4a01-a9a9-91313d6f12c9",
            "vpc_uuid": "4b89d04d-bc7c-4ad6-82cb-524eed41c621"
          },
          "sensitive_attributes": [],
          "private": "eyJzY2hlbWFfdmVyc2lvbiI6IjEifQ==",
          "dependencies": [
            "digitalocean_certificate.cert",
            "module.multi_region_vpc.digitalocean_vpc.vpc"
          ]
        }
      ]
    },
    {
      "module": "module.multi_region_vpc",
      "mode": "managed",
      "type": "digitalocean_vpc",
      "name": "vpc",
      "provider": "provider[\"registry.terraform.io/digitalocean/digitalocean\"]",
      "instances": [
        {
          "index_key": "vpc-0",
          "schema_version": 0,
          "attributes": {
            "created_at": "2025-09-26 10:13:01 +0000 UTC",
            "default": false,
            "description": "",
            "id": "ba78ca3a-4fd9-4855-8d08-6f5a4e69afa2",
            "ip_range": "10.200.0.0/24",
            "name": "glb-ws-test-nyc3",
            "region": "nyc3",
            "timeouts": null,
            "urn": "do:vpc:ba78ca3a-4fd9-4855-8d08-6f5a4e69afa2"
          },
          "sensitive_attributes": [],
          "private": "eyJlMmJmYjczMC1lY2FhLTExZTYtOGY4OC0zNDM2M2JjN2M0YzAiOnsiZGVsZXRlIjoxMjAwMDAwMDAwMDB9fQ=="
        },
        {
          "index_key": "vpc-1",
          "schema_version": 0,
          "attributes": {
            "created_at": "2025-09-26 10:13:01 +0000 UTC",
            "default": false,
            "description": "",
            "id": "4b89d04d-bc7c-4ad6-82cb-524eed41c621",
            "ip_range": "10.200.1.0/24",
            "name": "glb-ws-test-sfo3",
            "region": "sfo3",
            "timeouts": null,
            "urn": "do:vpc:4b89d04d-bc7c-4ad6-82cb-524eed41c621"
          },
          "sensitive_attributes": [],
          "private": "eyJlMmJmYjczMC1lY2FhLTExZTYtOGY4OC0zNDM2M2JjN2M0YzAiOnsiZGVsZXRlIjoxMjAwMDAwMDAwMDB9fQ=="
        },
        {
          "index_key": "vpc-2",
          "schema_version": 0,
          "attributes": {
            "created_at": "2025-09-26 10:13:01 +0000 UTC",
            "default": false,
            "description": "",
            "id": "73250a91-5293-4155-b910-08728baa4841",
            "ip_range": "10.200.2.0/24",
            "name": "glb-ws-test-ams3",
            "region": "ams3",
            "timeouts": null,
            "urn": "do:vpc:73250a91-5293-4155-b910-08728baa4841"
          },
          "sensitive_attributes": [],
          "private": "eyJlMmJmYjczMC1lY2FhLTExZTYtOGY4OC0zNDM2M2JjN2M0YzAiOnsiZGVsZXRlIjoxMjAwMDAwMDAwMDB9fQ=="
        }
      ]
    },
    {
      "module": "module.multi_region_vpc",
      "mode": "managed",
      "type": "digitalocean_vpc_peering",
      "name": "peerings",
      "provider": "provider[\"registry.terraform.io/digitalocean/digitalocean\"]",
      "instances": [
        {
          "index_key": "vpc-0-to-vpc-1",
          "schema_version": 0,
          "attributes": {
            "created_at": "2025-09-26 10:13:03 +0000 UTC",
            "id": "7aec4ef4-889d-4422-a70d-e315a2be0046",
            "name": "peering-vpc-0-to-vpc-1",
            "status": "ACTIVE",
            "timeouts": null,
            "vpc_ids": [
              "4b89d04d-bc7c-4ad6-82cb-524eed41c621",
              "ba78ca3a-4fd9-4855-8d08-6f5a4e69afa2"
            ]
          },
          "sensitive_attributes": [],
          "private": "eyJlMmJmYjczMC1lY2FhLTExZTYtOGY4OC0zNDM2M2JjN2M0YzAiOnsiY3JlYXRlIjoxMjAwMDAwMDAwMDAsImRlbGV0ZSI6MTIwMDAwMDAwMDAwfX0=",
          "dependencies": [
            "module.multi_region_vpc.digitalocean_vpc.vpc"
          ]
        },
        {
          "index_key": "vpc-0-to-vpc-2",
          "schema_version": 0,
          "attributes": {
            "created_at": "2025-09-26 10:13:03 +0000 UTC",
            "id": "653aafc9-8d70-4118-9090-35821492571a",
            "name": "peering-vpc-0-to-vpc-2",
            "status": "ACTIVE",
            "timeouts": null,
            "vpc_ids": [
              "73250a91-5293-4155-b910-08728baa4841",
              "ba78ca3a-4fd9-4855-8d08-6f5a4e69afa2"
            ]
          },
          "sensitive_attributes": [],
          "private": "eyJlMmJmYjczMC1lY2FhLTExZTYtOGY4OC0zNDM2M2JjN2M0YzAiOnsiY3JlYXRlIjoxMjAwMDAwMDAwMDAsImRlbGV0ZSI6MTIwMDAwMDAwMDAwfX0=",
          "dependencies": [
            "module.multi_region_vpc.digitalocean_vpc.vpc"
          ]
        },
        {
          "index_key": "vpc-1-to-vpc-2",
          "schema_version": 0,
          "attributes": {
            "created_at": "2025-09-26 10:13:03 +0000 UTC",
            "id": "04b491a7-e6f6-4f1f-9023-4a0ac9841a7b",
            "name": "peering-vpc-1-to-vpc-2",
            "status": "ACTIVE",
            "timeouts": null,
            "vpc_ids": [
              "4b89d04d-bc7c-4ad6-82cb-524eed41c621",
              "73250a91-5293-4155-b910-08728baa4841"
            ]
          },
          "sensitive_attributes": [],
          "private": "eyJlMmJmYjczMC1lY2FhLTExZTYtOGY4OC0zNDM2M2JjN2M0YzAiOnsiY3JlYXRlIjoxMjAwMDAwMDAwMDAsImRlbGV0ZSI6MTIwMDAwMDAwMDAwfX0=",
          "dependencies": [
            "module.multi_region_vpc.digitalocean_vpc.vpc"
          ]
        }
      ]
    }
  ],
  "check_results": null
}
