{
  "version": 4,
  "terraform_version": "1.5.7",
  "serial": 347,
  "lineage": "715ce538-d625-4635-243c-9f740c29451e",
  "outputs": {
    "glb_fqdn": {
      "value": "yashtest.site",
      "type": "string"
    },
    "rlb_fqdns": {
      "value": [
        "nyc3.yashtest.site",
        "lon1.yashtest.site",
        "ams3.yashtest.site"
      ],
      "type": [
        "tuple",
        [
          "string",
          "string",
          "string"
        ]
      ]
    }
  },
  "resources": [
    {
      "mode": "data",
      "type": "digitalocean_ssh_key",
      "name": "default",
      "provider": "provider[\"registry.terraform.io/digitalocean/digitalocean\"]",
      "instances": [
        {
          "index_key": 0,
          "schema_version": 0,
          "attributes": {
            "fingerprint": "79:77:38:d2:bc:82:10:3c:a5:1d:ba:69:e6:6f:fe:64",
            "id": 50856015,
            "name": "doks-smb",
            "public_key": "ssh-ed25519 AAAAC3NzaC1lZDI1NTE5AAAAIPSmgn5weA/snhszX3DD/igVYxCHH6bGboaih8bq8tpS ysharma@CFY2XX5GFP"
          },
          "sensitive_attributes": []
        }
      ]
    },
    {
      "mode": "managed",
      "type": "digitalocean_certificate",
      "name": "cert",
      "provider": "provider[\"registry.terraform.io/digitalocean/digitalocean\"]",
      "instances": []
    },
    {
      "mode": "managed",
      "type": "digitalocean_droplet",
      "name": "web",
      "provider": "provider[\"registry.terraform.io/digitalocean/digitalocean\"]",
      "instances": []
    },
    {
      "module": "module.glb_stack.module.global_loadbalancer",
      "mode": "managed",
      "type": "digitalocean_loadbalancer",
      "name": "this",
      "provider": "provider[\"registry.terraform.io/digitalocean/digitalocean\"]",
      "instances": []
    },
    {
      "module": "module.glb_stack.module.regional_loadbalancer[\"ams3\"]",
      "mode": "managed",
      "type": "digitalocean_loadbalancer",
      "name": "this",
      "provider": "provider[\"registry.terraform.io/digitalocean/digitalocean\"]",
      "instances": []
    },
    {
      "module": "module.glb_stack.module.regional_loadbalancer[\"lon1\"]",
      "mode": "managed",
      "type": "digitalocean_loadbalancer",
      "name": "this",
      "provider": "provider[\"registry.terraform.io/digitalocean/digitalocean\"]",
      "instances": []
    },
    {
      "module": "module.glb_stack.module.regional_loadbalancer[\"nyc3\"]",
      "mode": "managed",
      "type": "digitalocean_loadbalancer",
      "name": "this",
      "provider": "provider[\"registry.terraform.io/digitalocean/digitalocean\"]",
      "instances": []
    },
    {
      "module": "module.multi_region_vpc",
      "mode": "managed",
      "type": "digitalocean_vpc",
      "name": "vpc",
      "provider": "provider[\"registry.terraform.io/digitalocean/digitalocean\"]",
      "instances": [
        {
          "index_key": "vpc-0",
          "schema_version": 0,
          "attributes": {
            "created_at": "2025-09-29 12:12:21 +0000 UTC",
            "default": false,
            "description": "",
            "id": "9c22abd9-86d0-42d2-9568-3c2b4eb9c21f",
            "ip_range": "10.200.0.0/24",
            "name": "deploy-london-nyc3",
            "region": "nyc3",
            "timeouts": null,
            "urn": "do:vpc:9c22abd9-86d0-42d2-9568-3c2b4eb9c21f"
          },
          "sensitive_attributes": [],
          "private": "eyJlMmJmYjczMC1lY2FhLTExZTYtOGY4OC0zNDM2M2JjN2M0YzAiOnsiZGVsZXRlIjoxMjAwMDAwMDAwMDB9fQ=="
        },
        {
          "index_key": "vpc-1",
          "schema_version": 0,
          "attributes": {
            "created_at": "2025-09-29 12:12:20 +0000 UTC",
            "default": false,
            "description": "",
            "id": "8f8125e6-c7ae-4b03-afc0-ef6e18859dd3",
            "ip_range": "10.200.1.0/24",
            "name": "deploy-london-lon1",
            "region": "lon1",
            "timeouts": null,
            "urn": "do:vpc:8f8125e6-c7ae-4b03-afc0-ef6e18859dd3"
          },
          "sensitive_attributes": [],
          "private": "eyJlMmJmYjczMC1lY2FhLTExZTYtOGY4OC0zNDM2M2JjN2M0YzAiOnsiZGVsZXRlIjoxMjAwMDAwMDAwMDB9fQ=="
        },
        {
          "index_key": "vpc-2",
          "schema_version": 0,
          "attributes": {
            "created_at": "2025-09-29 12:12:21 +0000 UTC",
            "default": false,
            "description": "",
            "id": "8ab2c8c2-faec-40ca-a854-93bd7695b2f4",
            "ip_range": "10.200.2.0/24",
            "name": "deploy-london-ams3",
            "region": "ams3",
            "timeouts": null,
            "urn": "do:vpc:8ab2c8c2-faec-40ca-a854-93bd7695b2f4"
          },
          "sensitive_attributes": [],
          "private": "eyJlMmJmYjczMC1lY2FhLTExZTYtOGY4OC0zNDM2M2JjN2M0YzAiOnsiZGVsZXRlIjoxMjAwMDAwMDAwMDB9fQ=="
        },
        {
          "index_key": "vpc-3",
          "schema_version": 0,
          "attributes": {
            "created_at": "2025-09-29 11:46:00 +0000 UTC",
            "default": true,
            "description": "",
            "id": "01fd87d1-7870-4b50-8128-5787354f4326",
            "ip_range": "10.200.3.0/24",
            "name": "glb-ws-test-lon1",
            "region": "lon1",
            "timeouts": null,
            "urn": "do:vpc:01fd87d1-7870-4b50-8128-5787354f4326"
          },
          "sensitive_attributes": [],
          "private": "eyJlMmJmYjczMC1lY2FhLTExZTYtOGY4OC0zNDM2M2JjN2M0YzAiOnsiZGVsZXRlIjoxMjAwMDAwMDAwMDB9fQ=="
        }
      ]
    },
    {
      "module": "module.multi_region_vpc",
      "mode": "managed",
      "type": "digitalocean_vpc_peering",
      "name": "peerings",
      "provider": "provider[\"registry.terraform.io/digitalocean/digitalocean\"]",
      "instances": []
    }
  ],
  "check_results": null
}
